
Microsoft Visual Studio Solution File, Format Version 12.00
# Visual Studio Version 16
VisualStudioVersion = 16.0.29215.179
MinimumVisualStudioVersion = 10.0.40219.1
Project("{FAE04EC0-301F-11D3-BF4B-00C04F79EFBC}") = "Anotacao10_EstruturaCondicional", "Anotacao10_EstruturaCondicional\Anotacao10_EstruturaCondicional.csproj", "{8C4BF8C0-6DF7-4898-9C61-E8F4265E967A}"
EndProject
Global
	GlobalSection(SolutionConfigurationPlatforms) = preSolution
		Debug|Any CPU = Debug|Any CPU
		Release|Any CPU = Release|Any CPU
	EndGlobalSection
	GlobalSection(ProjectConfigurationPlatforms) = postSolution
		{8C4BF8C0-6DF7-4898-9C61-E8F4265E967A}.Debug|Any CPU.ActiveCfg = Debug|Any CPU
		{8C4BF8C0-6DF7-4898-9C61-E8F4265E967A}.Debug|Any CPU.Build.0 = Debug|Any CPU
		{8C4BF8C0-6DF7-4898-9C61-E8F4265E967A}.Release|Any CPU.ActiveCfg = Release|Any CPU
		{8C4BF8C0-6DF7-4898-9C61-E8F4265E967A}.Release|Any CPU.Build.0 = Release|Any CPU
	EndGlobalSection
	GlobalSection(SolutionProperties) = preSolution
		HideSolutionNode = FALSE
	EndGlobalSection
	GlobalSection(ExtensibilityGlobals) = postSolution
		SolutionGuid = {FFA43397-D01B-4594-9A40-AD0EF9F880AF}
	EndGlobalSection
EndGlobal
