
Microsoft Visual Studio Solution File, Format Version 12.00
# Visual Studio Version 16
VisualStudioVersion = 16.0.29215.179
MinimumVisualStudioVersion = 10.0.40219.1
Project("{FAE04EC0-301F-11D3-BF4B-00C04F79EFBC}") = "Anotacao09_OperadorLogico", "Anotacao09_OperadorLogico\Anotacao09_OperadorLogico.csproj", "{711B3CEB-3359-4022-AA67-3BBC9E53D333}"
EndProject
Global
	GlobalSection(SolutionConfigurationPlatforms) = preSolution
		Debug|Any CPU = Debug|Any CPU
		Release|Any CPU = Release|Any CPU
	EndGlobalSection
	GlobalSection(ProjectConfigurationPlatforms) = postSolution
		{711B3CEB-3359-4022-AA67-3BBC9E53D333}.Debug|Any CPU.ActiveCfg = Debug|Any CPU
		{711B3CEB-3359-4022-AA67-3BBC9E53D333}.Debug|Any CPU.Build.0 = Debug|Any CPU
		{711B3CEB-3359-4022-AA67-3BBC9E53D333}.Release|Any CPU.ActiveCfg = Release|Any CPU
		{711B3CEB-3359-4022-AA67-3BBC9E53D333}.Release|Any CPU.Build.0 = Release|Any CPU
	EndGlobalSection
	GlobalSection(SolutionProperties) = preSolution
		HideSolutionNode = FALSE
	EndGlobalSection
	GlobalSection(ExtensibilityGlobals) = postSolution
		SolutionGuid = {2B9E3C7D-FE8F-443A-BF1E-5CC23312671B}
	EndGlobalSection
EndGlobal
