
Microsoft Visual Studio Solution File, Format Version 12.00
# Visual Studio Version 16
VisualStudioVersion = 16.0.29215.179
MinimumVisualStudioVersion = 10.0.40219.1
Project("{FAE04EC0-301F-11D3-BF4B-00C04F79EFBC}") = "Anotacao13_EstruturaRepeticao_While", "Anotacao13_EstruturaRepeticao_While\Anotacao13_EstruturaRepeticao_While.csproj", "{E6172FE8-A374-4C4A-B17F-7FE54676C476}"
EndProject
Global
	GlobalSection(SolutionConfigurationPlatforms) = preSolution
		Debug|Any CPU = Debug|Any CPU
		Release|Any CPU = Release|Any CPU
	EndGlobalSection
	GlobalSection(ProjectConfigurationPlatforms) = postSolution
		{E6172FE8-A374-4C4A-B17F-7FE54676C476}.Debug|Any CPU.ActiveCfg = Debug|Any CPU
		{E6172FE8-A374-4C4A-B17F-7FE54676C476}.Debug|Any CPU.Build.0 = Debug|Any CPU
		{E6172FE8-A374-4C4A-B17F-7FE54676C476}.Release|Any CPU.ActiveCfg = Release|Any CPU
		{E6172FE8-A374-4C4A-B17F-7FE54676C476}.Release|Any CPU.Build.0 = Release|Any CPU
	EndGlobalSection
	GlobalSection(SolutionProperties) = preSolution
		HideSolutionNode = FALSE
	EndGlobalSection
	GlobalSection(ExtensibilityGlobals) = postSolution
		SolutionGuid = {8A19997D-FAD5-4857-8273-609F9959BABC}
	EndGlobalSection
EndGlobal
